
Microsoft Visual Studio Solution File, Format Version 12.00
# Visual Studio Version 17
VisualStudioVersion = 17.11.35208.52
MinimumVisualStudioVersion = 10.0.40219.1
Project("{FAE04EC0-301F-11D3-BF4B-00C04F79EFBC}") = "CosmosDb.Demo", "CosmosDb.Demo\CosmosDb.Demo.csproj", "{656604A5-6AEF-4E0A-A0DD-776A1AAF3847}"
EndProject
Global
	GlobalSection(SolutionConfigurationPlatforms) = preSolution
		Debug|Any CPU = Debug|Any CPU
		Release|Any CPU = Release|Any CPU
	EndGlobalSection
	GlobalSection(ProjectConfigurationPlatforms) = postSolution
		{656604A5-6AEF-4E0A-A0DD-776A1AAF3847}.Debug|Any CPU.ActiveCfg = Debug|Any CPU
		{656604A5-6AEF-4E0A-A0DD-776A1AAF3847}.Debug|Any CPU.Build.0 = Debug|Any CPU
		{656604A5-6AEF-4E0A-A0DD-776A1AAF3847}.Release|Any CPU.ActiveCfg = Release|Any CPU
		{656604A5-6AEF-4E0A-A0DD-776A1AAF3847}.Release|Any CPU.Build.0 = Release|Any CPU
	EndGlobalSection
	GlobalSection(SolutionProperties) = preSolution
		HideSolutionNode = FALSE
	EndGlobalSection
	GlobalSection(ExtensibilityGlobals) = postSolution
		SolutionGuid = {91EDD149-AB1B-4599-8CAC-DD7F2287C198}
	EndGlobalSection
EndGlobal
